// !$*UTF8*$!
{
	archiveVersion = 1;
	classes = {
	};
	objectVersion = 50;
	objects = {

/* Begin PBXBuildFile section */
		9AF02465225BACA700222036 /* AppDelegate.swift in Sources */ = {isa = PBXBuildFile; fileRef = 9AF02464225BACA700222036 /* AppDelegate.swift */; };
		9AF02467225BACA700222036 /* ViewController.swift in Sources */ = {isa = PBXBuildFile; fileRef = 9AF02466225BACA700222036 /* ViewController.swift */; };
		9AF0246A225BACA700222036 /* Main.storyboard in Resources */ = {isa = PBXBuildFile; fileRef = 9AF02468225BACA700222036 /* Main.storyboard */; };
		9AF0246C225BACA900222036 /* Assets.xcassets in Resources */ = {isa = PBXBuildFile; fileRef = 9AF0246B225BACA900222036 /* Assets.xcassets */; };
		9AF0246F225BACA900222036 /* LaunchScreen.storyboard in Resources */ = {isa = PBXBuildFile; fileRef = 9AF0246D225BACA900222036 /* LaunchScreen.storyboard */; };
		9AF983F5225BBE09003BA41A /* Delm-Medium.otf in Resources */ = {isa = PBXBuildFile; fileRef = 9AF02477225BB7F000222036 /* Delm-Medium.otf */; };
		9AF983F6225BBE09003BA41A /* ThirstySoftRegular.otf in Resources */ = {isa = PBXBuildFile; fileRef = 9AF02476225BB7F000222036 /* ThirstySoftRegular.otf */; };
/* End PBXBuildFile section */

/* Begin PBXFileReference section */
		9AF02461225BACA700222036 /* instagrid.app */ = {isa = PBXFileReference; explicitFileType = wrapper.application; includeInIndex = 0; path = instagrid.app; sourceTree = BUILT_PRODUCTS_DIR; };
		9AF02464225BACA700222036 /* AppDelegate.swift */ = {isa = PBXFileReference; lastKnownFileType = sourcecode.swift; path = AppDelegate.swift; sourceTree = "<group>"; };
		9AF02466225BACA700222036 /* ViewController.swift */ = {isa = PBXFileReference; lastKnownFileType = sourcecode.swift; path = ViewController.swift; sourceTree = "<group>"; };
		9AF02469225BACA700222036 /* Base */ = {isa = PBXFileReference; lastKnownFileType = file.storyboard; name = Base; path = Base.lproj/Main.storyboard; sourceTree = "<group>"; };
		9AF0246B225BACA900222036 /* Assets.xcassets */ = {isa = PBXFileReference; lastKnownFileType = folder.assetcatalog; path = Assets.xcassets; sourceTree = "<group>"; };
		9AF0246E225BACA900222036 /* Base */ = {isa = PBXFileReference; lastKnownFileType = file.storyboard; name = Base; path = Base.lproj/LaunchScreen.storyboard; sourceTree = "<group>"; };
		9AF02470225BACA900222036 /* Info.plist */ = {isa = PBXFileReference; lastKnownFileType = text.plist.xml; path = Info.plist; sourceTree = "<group>"; };
		9AF02476225BB7F000222036 /* ThirstySoftRegular.otf */ = {isa = PBXFileReference; lastKnownFileType = file; path = ThirstySoftRegular.otf; sourceTree = "<group>"; };
		9AF02477225BB7F000222036 /* Delm-Medium.otf */ = {isa = PBXFileReference; lastKnownFileType = file; path = "Delm-Medium.otf"; sourceTree = "<group>"; };
/* End PBXFileReference section */

/* Begin PBXFrameworksBuildPhase section */
		9AF0245E225BACA700222036 /* Frameworks */ = {
			isa = PBXFrameworksBuildPhase;
			buildActionMask = 2147483647;
			files = (
			);
			runOnlyForDeploymentPostprocessing = 0;
		};
/* End PBXFrameworksBuildPhase section */

/* Begin PBXGroup section */
		9AA0A651225CE877009A3050 /* Supporting Files */ = {
			isa = PBXGroup;
			children = (
				9AF02464225BACA700222036 /* AppDelegate.swift */,
				9AF0246B225BACA900222036 /* Assets.xcassets */,
				9AF0246D225BACA900222036 /* LaunchScreen.storyboard */,
				9AF02470225BACA900222036 /* Info.plist */,
				9AF02478225BB7F600222036 /* Fonts */,
			);
			path = "Supporting Files";
			sourceTree = "<group>";
		};
		9AA0A652225CE910009A3050 /* View */ = {
			isa = PBXGroup;
			children = (
				9AF02468225BACA700222036 /* Main.storyboard */,
			);
			path = View;
			sourceTree = "<group>";
		};
		9AA0A653225CE937009A3050 /* Controller */ = {
			isa = PBXGroup;
			children = (
				9AF02466225BACA700222036 /* ViewController.swift */,
			);
			path = Controller;
			sourceTree = "<group>";
		};
		9AF02458225BACA700222036 = {
			isa = PBXGroup;
			children = (
				9AF02463225BACA700222036 /* instagrid */,
				9AF02462225BACA700222036 /* Products */,
			);
			sourceTree = "<group>";
		};
		9AF02462225BACA700222036 /* Products */ = {
			isa = PBXGroup;
			children = (
				9AF02461225BACA700222036 /* instagrid.app */,
			);
			name = Products;
			sourceTree = "<group>";
		};
		9AF02463225BACA700222036 /* instagrid */ = {
			isa = PBXGroup;
			children = (
				9AA0A652225CE910009A3050 /* View */,
				9AA0A653225CE937009A3050 /* Controller */,
				9AA0A651225CE877009A3050 /* Supporting Files */,
			);
			path = instagrid;
			sourceTree = "<group>";
		};
		9AF02478225BB7F600222036 /* Fonts */ = {
			isa = PBXGroup;
			children = (
				9AF02477225BB7F000222036 /* Delm-Medium.otf */,
				9AF02476225BB7F000222036 /* ThirstySoftRegular.otf */,
			);
			path = Fonts;
			sourceTree = "<group>";
		};
/* End PBXGroup section */

/* Begin PBXNativeTarget section */
		9AF02460225BACA700222036 /* instagrid */ = {
			isa = PBXNativeTarget;
			buildConfigurationList = 9AF02473225BACA900222036 /* Build configuration list for PBXNativeTarget "instagrid" */;
			buildPhases = (
				9AF0245D225BACA700222036 /* Sources */,
				9AF0245E225BACA700222036 /* Frameworks */,
				9AF0245F225BACA700222036 /* Resources */,
			);
			buildRules = (
			);
			dependencies = (
			);
			name = instagrid;
			productName = instagrid;
			productReference = 9AF02461225BACA700222036 /* instagrid.app */;
			productType = "com.apple.product-type.application";
		};
/* End PBXNativeTarget section */

/* Begin PBXProject section */
		9AF02459225BACA700222036 /* Project object */ = {
			isa = PBXProject;
			attributes = {
				LastSwiftUpdateCheck = 1020;
				LastUpgradeCheck = 1020;
				ORGANIZATIONNAME = "Anne-Elisabeth";
				TargetAttributes = {
					9AF02460225BACA700222036 = {
						CreatedOnToolsVersion = 10.2;
					};
				};
			};
			buildConfigurationList = 9AF0245C225BACA700222036 /* Build configuration list for PBXProject "instagrid" */;
			compatibilityVersion = "Xcode 9.3";
			developmentRegion = en;
			hasScannedForEncodings = 0;
			knownRegions = (
				en,
				Base,
			);
			mainGroup = 9AF02458225BACA700222036;
			productRefGroup = 9AF02462225BACA700222036 /* Products */;
			projectDirPath = "";
			projectRoot = "";
			targets = (
				9AF02460225BACA700222036 /* instagrid */,
			);
		};
/* End PBXProject section */

/* Begin PBXResourcesBuildPhase section */
		9AF0245F225BACA700222036 /* Resources */ = {
			isa = PBXResourcesBuildPhase;
			buildActionMask = 2147483647;
			files = (
				9AF0246F225BACA900222036 /* LaunchScreen.storyboard in Resources */,
				9AF0246C225BACA900222036 /* Assets.xcassets in Resources */,
				9AF0246A225BACA700222036 /* Main.storyboard in Resources */,
				9AF983F5225BBE09003BA41A /* Delm-Medium.otf in Resources */,
				9AF983F6225BBE09003BA41A /* ThirstySoftRegular.otf in Resources */,
			);
			runOnlyForDeploymentPostprocessing = 0;
		};
/* End PBXResourcesBuildPhase section */

/* Begin PBXSourcesBuildPhase section */
		9AF0245D225BACA700222036 /* Sources */ = {
			isa = PBXSourcesBuildPhase;
			buildActionMask = 2147483647;
			files = (
				9AF02467225BACA700222036 /* ViewController.swift in Sources */,
				9AF02465225BACA700222036 /* AppDelegate.swift in Sources */,
			);
			runOnlyForDeploymentPostprocessing = 0;
		};
/* End PBXSourcesBuildPhase section */

/* Begin PBXVariantGroup section */
		9AF02468225BACA700222036 /* Main.storyboard */ = {
			isa = PBXVariantGroup;
			children = (
				9AF02469225BACA700222036 /* Base */,
			);
			name = Main.storyboard;
			sourceTree = "<group>";
		};
		9AF0246D225BACA900222036 /* LaunchScreen.storyboard */ = {
			isa = PBXVariantGroup;
			children = (
				9AF0246E225BACA900222036 /* Base */,
			);
			name = LaunchScreen.storyboard;
			sourceTree = "<group>";
		};
/* End PBXVariantGroup section */

/* Begin XCBuildConfiguration section */
		9AF02471225BACA900222036 /* Debug */ = {
			isa = XCBuildConfiguration;
			buildSettings = {
				ALWAYS_SEARCH_USER_PATHS = NO;
				CLANG_ANALYZER_NONNULL = YES;
				CLANG_ANALYZER_NUMBER_OBJECT_CONVERSION = YES_AGGRESSIVE;
				CLANG_CXX_LANGUAGE_STANDARD = "gnu++14";
				CLANG_CXX_LIBRARY = "libc++";
				CLANG_ENABLE_MODULES = YES;
				CLANG_ENABLE_OBJC_ARC = YES;
				CLANG_ENABLE_OBJC_WEAK = YES;
				CLANG_WARN_BLOCK_CAPTURE_AUTORELEASING = YES;
				CLANG_WARN_BOOL_CONVERSION = YES;
				CLANG_WARN_COMMA = YES;
				CLANG_WARN_CONSTANT_CONVERSION = YES;
				CLANG_WARN_DEPRECATED_OBJC_IMPLEMENTATIONS = YES;
				CLANG_WARN_DIRECT_OBJC_ISA_USAGE = YES_ERROR;
				CLANG_WARN_DOCUMENTATION_COMMENTS = YES;
				CLANG_WARN_EMPTY_BODY = YES;
				CLANG_WARN_ENUM_CONVERSION = YES;
				CLANG_WARN_INFINITE_RECURSION = YES;
				CLANG_WARN_INT_CONVERSION = YES;
				CLANG_WARN_NON_LITERAL_NULL_CONVERSION = YES;
				CLANG_WARN_OBJC_IMPLICIT_RETAIN_SELF = YES;
				CLANG_WARN_OBJC_LITERAL_CONVERSION = YES;
				CLANG_WARN_OBJC_ROOT_CLASS = YES_ERROR;
				CLANG_WARN_RANGE_LOOP_ANALYSIS = YES;
				CLANG_WARN_STRICT_PROTOTYPES = YES;
				CLANG_WARN_SUSPICIOUS_MOVE = YES;
				CLANG_WARN_UNGUARDED_AVAILABILITY = YES_AGGRESSIVE;
				CLANG_WARN_UNREACHABLE_CODE = YES;
				CLANG_WARN__DUPLICATE_METHOD_MATCH = YES;
				CODE_SIGN_IDENTITY = "iPhone Developer";
				COPY_PHASE_STRIP = NO;
				DEBUG_INFORMATION_FORMAT = dwarf;
				ENABLE_STRICT_OBJC_MSGSEND = YES;
				ENABLE_TESTABILITY = YES;
				GCC_C_LANGUAGE_STANDARD = gnu11;
				GCC_DYNAMIC_NO_PIC = NO;
				GCC_NO_COMMON_BLOCKS = YES;
				GCC_OPTIMIZATION_LEVEL = 0;
				GCC_PREPROCESSOR_DEFINITIONS = (
					"DEBUG=1",
					"$(inherited)",
				);
				GCC_WARN_64_TO_32_BIT_CONVERSION = YES;
				GCC_WARN_ABOUT_RETURN_TYPE = YES_ERROR;
				GCC_WARN_UNDECLARED_SELECTOR = YES;
				GCC_WARN_UNINITIALIZED_AUTOS = YES_AGGRESSIVE;
				GCC_WARN_UNUSED_FUNCTION = YES;
				GCC_WARN_UNUSED_VARIABLE = YES;
				IPHONEOS_DEPLOYMENT_TARGET = 12.2;
				MTL_ENABLE_DEBUG_INFO = INCLUDE_SOURCE;
				MTL_FAST_MATH = YES;
				ONLY_ACTIVE_ARCH = YES;
				SDKROOT = iphoneos;
				SWIFT_ACTIVE_COMPILATION_CONDITIONS = DEBUG;
				SWIFT_OPTIMIZATION_LEVEL = "-Onone";
			};
			name = Debug;
		};
		9AF02472225BACA900222036 /* Release */ = {
			isa = XCBuildConfiguration;
			buildSettings = {
				ALWAYS_SEARCH_USER_PATHS = NO;
				CLANG_ANALYZER_NONNULL = YES;
				CLANG_ANALYZER_NUMBER_OBJECT_CONVERSION = YES_AGGRESSIVE;
				CLANG_CXX_LANGUAGE_STANDARD = "gnu++14";
				CLANG_CXX_LIBRARY = "libc++";
				CLANG_ENABLE_MODULES = YES;
				CLANG_ENABLE_OBJC_ARC = YES;
				CLANG_ENABLE_OBJC_WEAK = YES;
				CLANG_WARN_BLOCK_CAPTURE_AUTORELEASING = YES;
				CLANG_WARN_BOOL_CONVERSION = YES;
				CLANG_WARN_COMMA = YES;
				CLANG_WARN_CONSTANT_CONVERSION = YES;
				CLANG_WARN_DEPRECATED_OBJC_IMPLEMENTATIONS = YES;
				CLANG_WARN_DIRECT_OBJC_ISA_USAGE = YES_ERROR;
				CLANG_WARN_DOCUMENTATION_COMMENTS = YES;
				CLANG_WARN_EMPTY_BODY = YES;
				CLANG_WARN_ENUM_CONVERSION = YES;
				CLANG_WARN_INFINITE_RECURSION = YES;
				CLANG_WARN_INT_CONVERSION = YES;
				CLANG_WARN_NON_LITERAL_NULL_CONVERSION = YES;
				CLANG_WARN_OBJC_IMPLICIT_RETAIN_SELF = YES;
				CLANG_WARN_OBJC_LITERAL_CONVERSION = YES;
				CLANG_WARN_OBJC_ROOT_CLASS = YES_ERROR;
				CLANG_WARN_RANGE_LOOP_ANALYSIS = YES;
				CLANG_WARN_STRICT_PROTOTYPES = YES;
				CLANG_WARN_SUSPICIOUS_MOVE = YES;
				CLANG_WARN_UNGUARDED_AVAILABILITY = YES_AGGRESSIVE;
				CLANG_WARN_UNREACHABLE_CODE = YES;
				CLANG_WARN__DUPLICATE_METHOD_MATCH = YES;
				CODE_SIGN_IDENTITY = "iPhone Developer";
				COPY_PHASE_STRIP = NO;
				DEBUG_INFORMATION_FORMAT = "dwarf-with-dsym";
				ENABLE_NS_ASSERTIONS = NO;
				ENABLE_STRICT_OBJC_MSGSEND = YES;
				GCC_C_LANGUAGE_STANDARD = gnu11;
				GCC_NO_COMMON_BLOCKS = YES;
				GCC_WARN_64_TO_32_BIT_CONVERSION = YES;
				GCC_WARN_ABOUT_RETURN_TYPE = YES_ERROR;
				GCC_WARN_UNDECLARED_SELECTOR = YES;
				GCC_WARN_UNINITIALIZED_AUTOS = YES_AGGRESSIVE;
				GCC_WARN_UNUSED_FUNCTION = YES;
				GCC_WARN_UNUSED_VARIABLE = YES;
				IPHONEOS_DEPLOYMENT_TARGET = 12.2;
				MTL_ENABLE_DEBUG_INFO = NO;
				MTL_FAST_MATH = YES;
				SDKROOT = iphoneos;
				SWIFT_COMPILATION_MODE = wholemodule;
				SWIFT_OPTIMIZATION_LEVEL = "-O";
				VALIDATE_PRODUCT = YES;
			};
			name = Release;
		};
		9AF02474225BACA900222036 /* Debug */ = {
			isa = XCBuildConfiguration;
			buildSettings = {
				ASSETCATALOG_COMPILER_APPICON_NAME = AppIcon;
				CODE_SIGN_STYLE = Automatic;
				INFOPLIST_FILE = instagrid/Info.plist;
				LD_RUNPATH_SEARCH_PATHS = (
					"$(inherited)",
					"@executable_path/Frameworks",
				);
				PRODUCT_BUNDLE_IDENTIFIER = "com.Anne-ElisabethPinning.instagrid";
				PRODUCT_NAME = "$(TARGET_NAME)";
				SWIFT_VERSION = 5.0;
				TARGETED_DEVICE_FAMILY = "1,2";
			};
			name = Debug;
		};
		9AF02475225BACA900222036 /* Release */ = {
			isa = XCBuildConfiguration;
			buildSettings = {
				ASSETCATALOG_COMPILER_APPICON_NAME = AppIcon;
				CODE_SIGN_STYLE = Automatic;
				INFOPLIST_FILE = instagrid/Info.plist;
				LD_RUNPATH_SEARCH_PATHS = (
					"$(inherited)",
					"@executable_path/Frameworks",
				);
				PRODUCT_BUNDLE_IDENTIFIER = "com.Anne-ElisabethPinning.instagrid";
				PRODUCT_NAME = "$(TARGET_NAME)";
				SWIFT_VERSION = 5.0;
				TARGETED_DEVICE_FAMILY = "1,2";
			};
			name = Release;
		};
/* End XCBuildConfiguration section */

/* Begin XCConfigurationList section */
		9AF0245C225BACA700222036 /* Build configuration list for PBXProject "instagrid" */ = {
			isa = XCConfigurationList;
			buildConfigurations = (
				9AF02471225BACA900222036 /* Debug */,
				9AF02472225BACA900222036 /* Release */,
			);
			defaultConfigurationIsVisible = 0;
			defaultConfigurationName = Release;
		};
		9AF02473225BACA900222036 /* Build configuration list for PBXNativeTarget "instagrid" */ = {
			isa = XCConfigurationList;
			buildConfigurations = (
				9AF02474225BACA900222036 /* Debug */,
				9AF02475225BACA900222036 /* Release */,
			);
			defaultConfigurationIsVisible = 0;
			defaultConfigurationName = Release;
		};
/* End XCConfigurationList section */
	};
	rootObject = 9AF02459225BACA700222036 /* Project object */;
}
